
Microsoft Visual Studio Solution File, Format Version 12.00
# Visual Studio 15
VisualStudioVersion = 15.0.28307.2017
MinimumVisualStudioVersion = 10.0.40219.1
Project("{FAE04EC0-301F-11D3-BF4B-00C04F79EFBC}") = "ComPort_console", "ComPort_console\ComPort_console.csproj", "{7D4F4ADE-1FA7-41CD-8C7E-F4C485C6848A}"
EndProject
Global
	GlobalSection(SolutionConfigurationPlatforms) = preSolution
		Debug|Any CPU = Debug|Any CPU
		Release|Any CPU = Release|Any CPU
	EndGlobalSection
	GlobalSection(ProjectConfigurationPlatforms) = postSolution
		{7D4F4ADE-1FA7-41CD-8C7E-F4C485C6848A}.Debug|Any CPU.ActiveCfg = Debug|Any CPU
		{7D4F4ADE-1FA7-41CD-8C7E-F4C485C6848A}.Debug|Any CPU.Build.0 = Debug|Any CPU
		{7D4F4ADE-1FA7-41CD-8C7E-F4C485C6848A}.Release|Any CPU.ActiveCfg = Release|Any CPU
		{7D4F4ADE-1FA7-41CD-8C7E-F4C485C6848A}.Release|Any CPU.Build.0 = Release|Any CPU
	EndGlobalSection
	GlobalSection(SolutionProperties) = preSolution
		HideSolutionNode = FALSE
	EndGlobalSection
	GlobalSection(ExtensibilityGlobals) = postSolution
		SolutionGuid = {5023155C-8B6F-4411-B925-30085067118B}
	EndGlobalSection
EndGlobal
